
Microsoft Visual Studio Solution File, Format Version 12.00
# Visual Studio Version 17
VisualStudioVersion = 17.5.002.0
MinimumVisualStudioVersion = 10.0.40219.1
Project("{9A19103F-16F7-4668-BE54-9A1E7A4F7556}") = "application", "application\application.csproj", "{AF3F625F-6561-45CA-A3D8-E242102E9E3E}"
EndProject
Project("{9A19103F-16F7-4668-BE54-9A1E7A4F7556}") = "flood_fill", "flood_fill\flood_fill.csproj", "{948F181F-08A8-4E69-8D9D-98D959F93073}"
EndProject
Global
	GlobalSection(SolutionConfigurationPlatforms) = preSolution
		Debug|Any CPU = Debug|Any CPU
		Release|Any CPU = Release|Any CPU
	EndGlobalSection
	GlobalSection(ProjectConfigurationPlatforms) = postSolution
		{AF3F625F-6561-45CA-A3D8-E242102E9E3E}.Debug|Any CPU.ActiveCfg = Debug|Any CPU
		{AF3F625F-6561-45CA-A3D8-E242102E9E3E}.Debug|Any CPU.Build.0 = Debug|Any CPU
		{AF3F625F-6561-45CA-A3D8-E242102E9E3E}.Release|Any CPU.ActiveCfg = Release|Any CPU
		{AF3F625F-6561-45CA-A3D8-E242102E9E3E}.Release|Any CPU.Build.0 = Release|Any CPU
		{948F181F-08A8-4E69-8D9D-98D959F93073}.Debug|Any CPU.ActiveCfg = Debug|Any CPU
		{948F181F-08A8-4E69-8D9D-98D959F93073}.Debug|Any CPU.Build.0 = Debug|Any CPU
		{948F181F-08A8-4E69-8D9D-98D959F93073}.Release|Any CPU.ActiveCfg = Release|Any CPU
		{948F181F-08A8-4E69-8D9D-98D959F93073}.Release|Any CPU.Build.0 = Release|Any CPU
	EndGlobalSection
	GlobalSection(SolutionProperties) = preSolution
		HideSolutionNode = FALSE
	EndGlobalSection
	GlobalSection(ExtensibilityGlobals) = postSolution
		SolutionGuid = {ADA3489C-F327-4B3E-93B0-A614123C7375}
	EndGlobalSection
EndGlobal
